// !$*UTF8*$!
{
	archiveVersion = 1;
	classes = {
	};
	objectVersion = 46;
	objects = {

/* Begin PBXBuildFile section */
		4C51833C1D6CDEB3005DD271 /* main.swift in Sources */ = {isa = PBXBuildFile; fileRef = 4C51833B1D6CDEB3005DD271 /* main.swift */; };
		4C5183431D6CDFCF005DD271 /* Utils.swift in Sources */ = {isa = PBXBuildFile; fileRef = 4C5183421D6CDFCF005DD271 /* Utils.swift */; };
		4C5183451D6CE4F8005DD271 /* SortInteger.swift in Sources */ = {isa = PBXBuildFile; fileRef = 4C5183441D6CE4F8005DD271 /* SortInteger.swift */; };
		4C5183471D6DC428005DD271 /* RandomGenerator.swift in Sources */ = {isa = PBXBuildFile; fileRef = 4C5183461D6DC428005DD271 /* RandomGenerator.swift */; };
		4C5183491D6E0337005DD271 /* SortGeneric.swift in Sources */ = {isa = PBXBuildFile; fileRef = 4C5183481D6E0337005DD271 /* SortGeneric.swift */; };
		4C51834B1D6E2AD3005DD271 /* SortPerformance.swift in Sources */ = {isa = PBXBuildFile; fileRef = 4C51834A1D6E2AD3005DD271 /* SortPerformance.swift */; };
		4C51834D1D6EE2D9005DD271 /* SortTests.swift in Sources */ = {isa = PBXBuildFile; fileRef = 4C51834C1D6EE2D9005DD271 /* SortTests.swift */; };
/* End PBXBuildFile section */

/* Begin PBXCopyFilesBuildPhase section */
		4C5183361D6CDEB3005DD271 /* CopyFiles */ = {
			isa = PBXCopyFilesBuildPhase;
			buildActionMask = 2147483647;
			dstPath = /usr/share/man/man1/;
			dstSubfolderSpec = 0;
			files = (
			);
			runOnlyForDeploymentPostprocessing = 1;
		};
/* End PBXCopyFilesBuildPhase section */

/* Begin PBXFileReference section */
		4C5183381D6CDEB3005DD271 /* SortPerformance */ = {isa = PBXFileReference; explicitFileType = "compiled.mach-o.executable"; includeInIndex = 0; path = SortPerformance; sourceTree = BUILT_PRODUCTS_DIR; };
		4C51833B1D6CDEB3005DD271 /* main.swift */ = {isa = PBXFileReference; lastKnownFileType = sourcecode.swift; path = main.swift; sourceTree = "<group>"; };
		4C5183421D6CDFCF005DD271 /* Utils.swift */ = {isa = PBXFileReference; fileEncoding = 4; lastKnownFileType = sourcecode.swift; path = Utils.swift; sourceTree = "<group>"; };
		4C5183441D6CE4F8005DD271 /* SortInteger.swift */ = {isa = PBXFileReference; fileEncoding = 4; lastKnownFileType = sourcecode.swift; path = SortInteger.swift; sourceTree = "<group>"; };
		4C5183461D6DC428005DD271 /* RandomGenerator.swift */ = {isa = PBXFileReference; fileEncoding = 4; lastKnownFileType = sourcecode.swift; path = RandomGenerator.swift; sourceTree = "<group>"; };
		4C5183481D6E0337005DD271 /* SortGeneric.swift */ = {isa = PBXFileReference; fileEncoding = 4; lastKnownFileType = sourcecode.swift; path = SortGeneric.swift; sourceTree = "<group>"; };
		4C51834A1D6E2AD3005DD271 /* SortPerformance.swift */ = {isa = PBXFileReference; fileEncoding = 4; lastKnownFileType = sourcecode.swift; path = SortPerformance.swift; sourceTree = "<group>"; };
		4C51834C1D6EE2D9005DD271 /* SortTests.swift */ = {isa = PBXFileReference; fileEncoding = 4; lastKnownFileType = sourcecode.swift; path = SortTests.swift; sourceTree = "<group>"; };
/* End PBXFileReference section */

/* Begin PBXFrameworksBuildPhase section */
		4C5183351D6CDEB3005DD271 /* Frameworks */ = {
			isa = PBXFrameworksBuildPhase;
			buildActionMask = 2147483647;
			files = (
			);
			runOnlyForDeploymentPostprocessing = 0;
		};
/* End PBXFrameworksBuildPhase section */

/* Begin PBXGroup section */
		4C51832F1D6CDEB3005DD271 = {
			isa = PBXGroup;
			children = (
				4C51833A1D6CDEB3005DD271 /* SortPerformance */,
				4C5183391D6CDEB3005DD271 /* Products */,
			);
			sourceTree = "<group>";
		};
		4C5183391D6CDEB3005DD271 /* Products */ = {
			isa = PBXGroup;
			children = (
				4C5183381D6CDEB3005DD271 /* SortPerformance */,
			);
			name = Products;
			sourceTree = "<group>";
		};
		4C51833A1D6CDEB3005DD271 /* SortPerformance */ = {
			isa = PBXGroup;
			children = (
				4C51833B1D6CDEB3005DD271 /* main.swift */,
				4C5183421D6CDFCF005DD271 /* Utils.swift */,
				4C5183441D6CE4F8005DD271 /* SortInteger.swift */,
				4C5183461D6DC428005DD271 /* RandomGenerator.swift */,
				4C5183481D6E0337005DD271 /* SortGeneric.swift */,
				4C51834A1D6E2AD3005DD271 /* SortPerformance.swift */,
				4C51834C1D6EE2D9005DD271 /* SortTests.swift */,
			);
			path = SortPerformance;
			sourceTree = "<group>";
		};
/* End PBXGroup section */

/* Begin PBXNativeTarget section */
		4C5183371D6CDEB3005DD271 /* SortPerformance */ = {
			isa = PBXNativeTarget;
			buildConfigurationList = 4C51833F1D6CDEB3005DD271 /* Build configuration list for PBXNativeTarget "SortPerformance" */;
			buildPhases = (
				4C5183341D6CDEB3005DD271 /* Sources */,
				4C5183351D6CDEB3005DD271 /* Frameworks */,
				4C5183361D6CDEB3005DD271 /* CopyFiles */,
			);
			buildRules = (
			);
			dependencies = (
			);
			name = SortPerformance;
			productName = SortPerformance;
			productReference = 4C5183381D6CDEB3005DD271 /* SortPerformance */;
			productType = "com.apple.product-type.tool";
		};
/* End PBXNativeTarget section */

/* Begin PBXProject section */
		4C5183301D6CDEB3005DD271 /* Project object */ = {
			isa = PBXProject;
			attributes = {
				LastSwiftUpdateCheck = 0730;
				LastUpgradeCheck = 0730;
				ORGANIZATIONNAME = "Eugen Fedchenko";
				TargetAttributes = {
					4C5183371D6CDEB3005DD271 = {
						CreatedOnToolsVersion = 7.3.1;
					};
				};
			};
			buildConfigurationList = 4C5183331D6CDEB3005DD271 /* Build configuration list for PBXProject "SortPerformance" */;
			compatibilityVersion = "Xcode 3.2";
			developmentRegion = English;
			hasScannedForEncodings = 0;
			knownRegions = (
				en,
			);
			mainGroup = 4C51832F1D6CDEB3005DD271;
			productRefGroup = 4C5183391D6CDEB3005DD271 /* Products */;
			projectDirPath = "";
			projectRoot = "";
			targets = (
				4C5183371D6CDEB3005DD271 /* SortPerformance */,
			);
		};
/* End PBXProject section */

/* Begin PBXSourcesBuildPhase section */
		4C5183341D6CDEB3005DD271 /* Sources */ = {
			isa = PBXSourcesBuildPhase;
			buildActionMask = 2147483647;
			files = (
				4C5183471D6DC428005DD271 /* RandomGenerator.swift in Sources */,
				4C5183491D6E0337005DD271 /* SortGeneric.swift in Sources */,
				4C51834B1D6E2AD3005DD271 /* SortPerformance.swift in Sources */,
				4C51833C1D6CDEB3005DD271 /* main.swift in Sources */,
				4C5183431D6CDFCF005DD271 /* Utils.swift in Sources */,
				4C5183451D6CE4F8005DD271 /* SortInteger.swift in Sources */,
				4C51834D1D6EE2D9005DD271 /* SortTests.swift in Sources */,
			);
			runOnlyForDeploymentPostprocessing = 0;
		};
/* End PBXSourcesBuildPhase section */

/* Begin XCBuildConfiguration section */
		4C51833D1D6CDEB3005DD271 /* Debug */ = {
			isa = XCBuildConfiguration;
			buildSettings = {
				ALWAYS_SEARCH_USER_PATHS = NO;
				CLANG_ANALYZER_NONNULL = YES;
				CLANG_CXX_LANGUAGE_STANDARD = "gnu++0x";
				CLANG_CXX_LIBRARY = "libc++";
				CLANG_ENABLE_MODULES = YES;
				CLANG_ENABLE_OBJC_ARC = YES;
				CLANG_WARN_BOOL_CONVERSION = YES;
				CLANG_WARN_CONSTANT_CONVERSION = YES;
				CLANG_WARN_DIRECT_OBJC_ISA_USAGE = YES_ERROR;
				CLANG_WARN_EMPTY_BODY = YES;
				CLANG_WARN_ENUM_CONVERSION = YES;
				CLANG_WARN_INT_CONVERSION = YES;
				CLANG_WARN_OBJC_ROOT_CLASS = YES_ERROR;
				CLANG_WARN_UNREACHABLE_CODE = YES;
				CLANG_WARN__DUPLICATE_METHOD_MATCH = YES;
				CODE_SIGN_IDENTITY = "-";
				COPY_PHASE_STRIP = NO;
				DEBUG_INFORMATION_FORMAT = dwarf;
				ENABLE_STRICT_OBJC_MSGSEND = YES;
				ENABLE_TESTABILITY = YES;
				GCC_C_LANGUAGE_STANDARD = gnu99;
				GCC_DYNAMIC_NO_PIC = NO;
				GCC_NO_COMMON_BLOCKS = YES;
				GCC_OPTIMIZATION_LEVEL = 0;
				GCC_PREPROCESSOR_DEFINITIONS = (
					"DEBUG=1",
					"$(inherited)",
				);
				GCC_WARN_64_TO_32_BIT_CONVERSION = YES;
				GCC_WARN_ABOUT_RETURN_TYPE = YES_ERROR;
				GCC_WARN_UNDECLARED_SELECTOR = YES;
				GCC_WARN_UNINITIALIZED_AUTOS = YES_AGGRESSIVE;
				GCC_WARN_UNUSED_FUNCTION = YES;
				GCC_WARN_UNUSED_VARIABLE = YES;
				MACOSX_DEPLOYMENT_TARGET = 10.11;
				MTL_ENABLE_DEBUG_INFO = YES;
				ONLY_ACTIVE_ARCH = YES;
				SDKROOT = macosx;
				SWIFT_OPTIMIZATION_LEVEL = "-Onone";
			};
			name = Debug;
		};
		4C51833E1D6CDEB3005DD271 /* Release */ = {
			isa = XCBuildConfiguration;
			buildSettings = {
				ALWAYS_SEARCH_USER_PATHS = NO;
				CLANG_ANALYZER_NONNULL = YES;
				CLANG_CXX_LANGUAGE_STANDARD = "gnu++0x";
				CLANG_CXX_LIBRARY = "libc++";
				CLANG_ENABLE_MODULES = YES;
				CLANG_ENABLE_OBJC_ARC = YES;
				CLANG_WARN_BOOL_CONVERSION = YES;
				CLANG_WARN_CONSTANT_CONVERSION = YES;
				CLANG_WARN_DIRECT_OBJC_ISA_USAGE = YES_ERROR;
				CLANG_WARN_EMPTY_BODY = YES;
				CLANG_WARN_ENUM_CONVERSION = YES;
				CLANG_WARN_INT_CONVERSION = YES;
				CLANG_WARN_OBJC_ROOT_CLASS = YES_ERROR;
				CLANG_WARN_UNREACHABLE_CODE = YES;
				CLANG_WARN__DUPLICATE_METHOD_MATCH = YES;
				CODE_SIGN_IDENTITY = "-";
				COPY_PHASE_STRIP = NO;
				DEBUG_INFORMATION_FORMAT = "dwarf-with-dsym";
				ENABLE_NS_ASSERTIONS = NO;
				ENABLE_STRICT_OBJC_MSGSEND = YES;
				GCC_C_LANGUAGE_STANDARD = gnu99;
				GCC_NO_COMMON_BLOCKS = YES;
				GCC_WARN_64_TO_32_BIT_CONVERSION = YES;
				GCC_WARN_ABOUT_RETURN_TYPE = YES_ERROR;
				GCC_WARN_UNDECLARED_SELECTOR = YES;
				GCC_WARN_UNINITIALIZED_AUTOS = YES_AGGRESSIVE;
				GCC_WARN_UNUSED_FUNCTION = YES;
				GCC_WARN_UNUSED_VARIABLE = YES;
				MACOSX_DEPLOYMENT_TARGET = 10.11;
				MTL_ENABLE_DEBUG_INFO = NO;
				SDKROOT = macosx;
			};
			name = Release;
		};
		4C5183401D6CDEB3005DD271 /* Debug */ = {
			isa = XCBuildConfiguration;
			buildSettings = {
				CLANG_USE_OPTIMIZATION_PROFILE = YES;
				PRODUCT_NAME = "$(TARGET_NAME)";
			};
			name = Debug;
		};
		4C5183411D6CDEB3005DD271 /* Release */ = {
			isa = XCBuildConfiguration;
			buildSettings = {
				CLANG_USE_OPTIMIZATION_PROFILE = YES;
				PRODUCT_NAME = "$(TARGET_NAME)";
				SWIFT_OPTIMIZATION_LEVEL = "-Owholemodule";
			};
			name = Release;
		};
/* End XCBuildConfiguration section */

/* Begin XCConfigurationList section */
		4C5183331D6CDEB3005DD271 /* Build configuration list for PBXProject "SortPerformance" */ = {
			isa = XCConfigurationList;
			buildConfigurations = (
				4C51833D1D6CDEB3005DD271 /* Debug */,
				4C51833E1D6CDEB3005DD271 /* Release */,
			);
			defaultConfigurationIsVisible = 0;
			defaultConfigurationName = Release;
		};
		4C51833F1D6CDEB3005DD271 /* Build configuration list for PBXNativeTarget "SortPerformance" */ = {
			isa = XCConfigurationList;
			buildConfigurations = (
				4C5183401D6CDEB3005DD271 /* Debug */,
				4C5183411D6CDEB3005DD271 /* Release */,
			);
			defaultConfigurationIsVisible = 0;
		};
/* End XCConfigurationList section */
	};
	rootObject = 4C5183301D6CDEB3005DD271 /* Project object */;
}
